
Microsoft Visual Studio Solution File, Format Version 12.00
# Visual Studio Version 17
VisualStudioVersion = 17.4.33205.214
MinimumVisualStudioVersion = 10.0.40219.1
Project("{888888A0-9F3D-457C-B088-3A5042F75D52}") = "PrektilieTöö", "PrektilieTöö.pyproj", "{9C9C6211-1FE1-4DE1-BE9D-71FFE1C934A7}"
EndProject
Global
	GlobalSection(SolutionConfigurationPlatforms) = preSolution
		Debug|Any CPU = Debug|Any CPU
		Release|Any CPU = Release|Any CPU
	EndGlobalSection
	GlobalSection(ProjectConfigurationPlatforms) = postSolution
		{9C9C6211-1FE1-4DE1-BE9D-71FFE1C934A7}.Debug|Any CPU.ActiveCfg = Debug|Any CPU
		{9C9C6211-1FE1-4DE1-BE9D-71FFE1C934A7}.Release|Any CPU.ActiveCfg = Release|Any CPU
	EndGlobalSection
	GlobalSection(SolutionProperties) = preSolution
		HideSolutionNode = FALSE
	EndGlobalSection
	GlobalSection(ExtensibilityGlobals) = postSolution
		SolutionGuid = {2507E261-13F0-4197-B4A3-BE1E217B3E3C}
	EndGlobalSection
EndGlobal
